
Microsoft Visual Studio Solution File, Format Version 12.00
# Visual Studio 15
VisualStudioVersion = 15.0.28307.757
MinimumVisualStudioVersion = 10.0.40219.1
Project("{FAE04EC0-301F-11D3-BF4B-00C04F79EFBC}") = "game15", "game15\game15.csproj", "{8882A1D6-7615-4989-85B3-B302BB9875E2}"
EndProject
Global
	GlobalSection(SolutionConfigurationPlatforms) = preSolution
		Debug|Any CPU = Debug|Any CPU
		Release|Any CPU = Release|Any CPU
	EndGlobalSection
	GlobalSection(ProjectConfigurationPlatforms) = postSolution
		{8882A1D6-7615-4989-85B3-B302BB9875E2}.Debug|Any CPU.ActiveCfg = Debug|Any CPU
		{8882A1D6-7615-4989-85B3-B302BB9875E2}.Debug|Any CPU.Build.0 = Debug|Any CPU
		{8882A1D6-7615-4989-85B3-B302BB9875E2}.Release|Any CPU.ActiveCfg = Release|Any CPU
		{8882A1D6-7615-4989-85B3-B302BB9875E2}.Release|Any CPU.Build.0 = Release|Any CPU
	EndGlobalSection
	GlobalSection(SolutionProperties) = preSolution
		HideSolutionNode = FALSE
	EndGlobalSection
	GlobalSection(ExtensibilityGlobals) = postSolution
		SolutionGuid = {C3B67324-58CB-4155-8236-33E9A4F19A86}
	EndGlobalSection
EndGlobal
